
Microsoft Visual Studio Solution File, Format Version 12.00
# Visual Studio 15
VisualStudioVersion = 15.0.28307.2092
MinimumVisualStudioVersion = 10.0.40219.1
Project("{FAE04EC0-301F-11D3-BF4B-00C04F79EFBC}") = "WebApplication", "WebApplication\WebApplication.csproj", "{2CBFF7B9-894C-4D3B-815F-43E0424D1AC3}"
EndProject
Global
	GlobalSection(SolutionConfigurationPlatforms) = preSolution
		Debug|Any CPU = Debug|Any CPU
		Release|Any CPU = Release|Any CPU
	EndGlobalSection
	GlobalSection(ProjectConfigurationPlatforms) = postSolution
		{2CBFF7B9-894C-4D3B-815F-43E0424D1AC3}.Debug|Any CPU.ActiveCfg = Debug|Any CPU
		{2CBFF7B9-894C-4D3B-815F-43E0424D1AC3}.Debug|Any CPU.Build.0 = Debug|Any CPU
		{2CBFF7B9-894C-4D3B-815F-43E0424D1AC3}.Release|Any CPU.ActiveCfg = Release|Any CPU
		{2CBFF7B9-894C-4D3B-815F-43E0424D1AC3}.Release|Any CPU.Build.0 = Release|Any CPU
	EndGlobalSection
	GlobalSection(SolutionProperties) = preSolution
		HideSolutionNode = FALSE
	EndGlobalSection
	GlobalSection(ExtensibilityGlobals) = postSolution
		SolutionGuid = {2FAB8AD1-0CDD-462A-BFFA-EFC3D6E64C75}
	EndGlobalSection
EndGlobal
